
Microsoft Visual Studio Solution File, Format Version 12.00
# Visual Studio 15
VisualStudioVersion = 15.0.28307.779
MinimumVisualStudioVersion = 10.0.40219.1
Project("{FAE04EC0-301F-11D3-BF4B-00C04F79EFBC}") = "Dal", "Dal\Dal.csproj", "{50DA71F3-64E1-485F-829E-939EFDC2B113}"
EndProject
Project("{FAE04EC0-301F-11D3-BF4B-00C04F79EFBC}") = "BL", "Bl\BL.csproj", "{E032EC4D-BFFE-4C27-8F68-8A4D7B7C28E9}"
EndProject
Project("{FAE04EC0-301F-11D3-BF4B-00C04F79EFBC}") = "HospitalAPI", "HospitalAPI\HospitalAPI.csproj", "{41EE81C1-A13B-4A40-816C-8752AB0D41F2}"
EndProject
Global
	GlobalSection(SolutionConfigurationPlatforms) = preSolution
		Debug|Any CPU = Debug|Any CPU
		Release|Any CPU = Release|Any CPU
	EndGlobalSection
	GlobalSection(ProjectConfigurationPlatforms) = postSolution
		{50DA71F3-64E1-485F-829E-939EFDC2B113}.Debug|Any CPU.ActiveCfg = Debug|Any CPU
		{50DA71F3-64E1-485F-829E-939EFDC2B113}.Debug|Any CPU.Build.0 = Debug|Any CPU
		{50DA71F3-64E1-485F-829E-939EFDC2B113}.Release|Any CPU.ActiveCfg = Release|Any CPU
		{50DA71F3-64E1-485F-829E-939EFDC2B113}.Release|Any CPU.Build.0 = Release|Any CPU
		{E032EC4D-BFFE-4C27-8F68-8A4D7B7C28E9}.Debug|Any CPU.ActiveCfg = Debug|Any CPU
		{E032EC4D-BFFE-4C27-8F68-8A4D7B7C28E9}.Debug|Any CPU.Build.0 = Debug|Any CPU
		{E032EC4D-BFFE-4C27-8F68-8A4D7B7C28E9}.Release|Any CPU.ActiveCfg = Release|Any CPU
		{E032EC4D-BFFE-4C27-8F68-8A4D7B7C28E9}.Release|Any CPU.Build.0 = Release|Any CPU
		{41EE81C1-A13B-4A40-816C-8752AB0D41F2}.Debug|Any CPU.ActiveCfg = Debug|Any CPU
		{41EE81C1-A13B-4A40-816C-8752AB0D41F2}.Debug|Any CPU.Build.0 = Debug|Any CPU
		{41EE81C1-A13B-4A40-816C-8752AB0D41F2}.Release|Any CPU.ActiveCfg = Release|Any CPU
		{41EE81C1-A13B-4A40-816C-8752AB0D41F2}.Release|Any CPU.Build.0 = Release|Any CPU
	EndGlobalSection
	GlobalSection(SolutionProperties) = preSolution
		HideSolutionNode = FALSE
	EndGlobalSection
	GlobalSection(ExtensibilityGlobals) = postSolution
		SolutionGuid = {482739E5-4EB4-4598-93D3-16BB1FA1244E}
	EndGlobalSection
EndGlobal
